
Microsoft Visual Studio Solution File, Format Version 12.00
# Visual Studio 15
VisualStudioVersion = 15.0.28307.421
MinimumVisualStudioVersion = 10.0.40219.1
Project("{FAE04EC0-301F-11D3-BF4B-00C04F79EFBC}") = "homework2.3", "homework03\homework2.3.csproj", "{F2540862-ED20-4AF4-925D-2D2AAEED6625}"
EndProject
Global
	GlobalSection(SolutionConfigurationPlatforms) = preSolution
		Debug|Any CPU = Debug|Any CPU
		Release|Any CPU = Release|Any CPU
	EndGlobalSection
	GlobalSection(ProjectConfigurationPlatforms) = postSolution
		{F2540862-ED20-4AF4-925D-2D2AAEED6625}.Debug|Any CPU.ActiveCfg = Debug|Any CPU
		{F2540862-ED20-4AF4-925D-2D2AAEED6625}.Debug|Any CPU.Build.0 = Debug|Any CPU
		{F2540862-ED20-4AF4-925D-2D2AAEED6625}.Release|Any CPU.ActiveCfg = Release|Any CPU
		{F2540862-ED20-4AF4-925D-2D2AAEED6625}.Release|Any CPU.Build.0 = Release|Any CPU
	EndGlobalSection
	GlobalSection(SolutionProperties) = preSolution
		HideSolutionNode = FALSE
	EndGlobalSection
	GlobalSection(ExtensibilityGlobals) = postSolution
		SolutionGuid = {169944E8-6DE7-4F95-83D2-B32914BE6000}
	EndGlobalSection
EndGlobal
